
Microsoft Visual Studio Solution File, Format Version 12.00
# Visual Studio Version 16
VisualStudioVersion = 16.0.29102.190
MinimumVisualStudioVersion = 10.0.40219.1
Project("{FAE04EC0-301F-11D3-BF4B-00C04F79EFBC}") = "AmericanRoulette", "AmericanRoulette\AmericanRoulette.csproj", "{AE3080D3-3AD3-4AC5-ACCB-B7BBCCE6E356}"
EndProject
Global
	GlobalSection(SolutionConfigurationPlatforms) = preSolution
		Debug|Any CPU = Debug|Any CPU
		Release|Any CPU = Release|Any CPU
	EndGlobalSection
	GlobalSection(ProjectConfigurationPlatforms) = postSolution
		{AE3080D3-3AD3-4AC5-ACCB-B7BBCCE6E356}.Debug|Any CPU.ActiveCfg = Debug|Any CPU
		{AE3080D3-3AD3-4AC5-ACCB-B7BBCCE6E356}.Debug|Any CPU.Build.0 = Debug|Any CPU
		{AE3080D3-3AD3-4AC5-ACCB-B7BBCCE6E356}.Release|Any CPU.ActiveCfg = Release|Any CPU
		{AE3080D3-3AD3-4AC5-ACCB-B7BBCCE6E356}.Release|Any CPU.Build.0 = Release|Any CPU
	EndGlobalSection
	GlobalSection(SolutionProperties) = preSolution
		HideSolutionNode = FALSE
	EndGlobalSection
	GlobalSection(ExtensibilityGlobals) = postSolution
		SolutionGuid = {E6829583-1F51-4892-88D1-F8F291FEBFB4}
	EndGlobalSection
EndGlobal
